
Microsoft Visual Studio Solution File, Format Version 12.00
# Visual Studio 15
VisualStudioVersion = 15.0.28307.106
MinimumVisualStudioVersion = 10.0.40219.1
Project("{FAE04EC0-301F-11D3-BF4B-00C04F79EFBC}") = "TOJ_3", "TOJ_3\TOJ_3.csproj", "{8F84E0CF-B888-4F40-BE0B-277EBCDF9446}"
EndProject
Global
	GlobalSection(SolutionConfigurationPlatforms) = preSolution
		Debug|Any CPU = Debug|Any CPU
		Release|Any CPU = Release|Any CPU
	EndGlobalSection
	GlobalSection(ProjectConfigurationPlatforms) = postSolution
		{8F84E0CF-B888-4F40-BE0B-277EBCDF9446}.Debug|Any CPU.ActiveCfg = Debug|Any CPU
		{8F84E0CF-B888-4F40-BE0B-277EBCDF9446}.Debug|Any CPU.Build.0 = Debug|Any CPU
		{8F84E0CF-B888-4F40-BE0B-277EBCDF9446}.Release|Any CPU.ActiveCfg = Release|Any CPU
		{8F84E0CF-B888-4F40-BE0B-277EBCDF9446}.Release|Any CPU.Build.0 = Release|Any CPU
	EndGlobalSection
	GlobalSection(SolutionProperties) = preSolution
		HideSolutionNode = FALSE
	EndGlobalSection
	GlobalSection(ExtensibilityGlobals) = postSolution
		SolutionGuid = {A0FA288D-EF36-490D-9159-48F0AF8A43D0}
	EndGlobalSection
EndGlobal
